<?xml version="1.0" encoding="utf-8"?>
<Project ToolsVersion="4.0" xmlns="http://schemas.microsoft.com/developer/msbuild/2003">
  <ItemGroup>
    <Filter Include="core">
      <UniqueIdentifier>{25a0d049-590a-45c3-9569-f451b4b1c86b}</UniqueIdentifier>
    </Filter>
    <Filter Include="menus">
      <UniqueIdentifier>{ed7a5d40-870d-4906-af9c-cc71f9243988}</UniqueIdentifier>
    </Filter>
    <Filter Include="main">
      <UniqueIdentifier>{d9fbe549-d43f-41e5-99ae-7dd46f8c50b0}</UniqueIdentifier>
    </Filter>
    <Filter Include="entities">
      <UniqueIdentifier>{51820665-aa95-4756-a381-b691d417c5d6}</UniqueIdentifier>
    </Filter>
    <Filter Include="docs">
      <UniqueIdentifier>{ed9e1a03-a19f-40f6-a857-b4e914f67dfb}</UniqueIdentifier>
    </Filter>
    <Filter Include="effects">
      <UniqueIdentifier>{0ab5ba3f-1775-4275-8e8c-a7accf22aa6b}</UniqueIdentifier>
    </Filter>
    <Filter Include="systems">
      <UniqueIdentifier>{ff8fc8a6-b1be-4db5-9de4-47e12f540f6d}</UniqueIdentifier>
    </Filter>
    <Filter Include="skills">
      <UniqueIdentifier>{d1c957dd-4071-4352-9a85-c55748c4cb64}</UniqueIdentifier>
    </Filter>
  </ItemGroup>
  <ItemGroup>
    <None Include="README.md" />
    <None Include="docs\CHANGELOG.md">
      <Filter>docs</Filter>
    </None>
  </ItemGroup>
  <ItemGroup>
    <ClInclude Include="core\Command.h">
      <Filter>core</Filter>
    </ClInclude>
    <ClInclude Include="core\GameState.h">
      <Filter>core</Filter>
    </ClInclude>
    <ClInclude Include="menus\InventoryMenu.h">
      <Filter>menus</Filter>
    </ClInclude>
    <ClInclude Include="menus\Menu.h">
      <Filter>menus</Filter>
    </ClInclude>
    <ClInclude Include="menus\MenuController.h">
      <Filter>menus</Filter>
    </ClInclude>
    <ClInclude Include="menus\MenuRegistry.h">
      <Filter>menus</Filter>
    </ClInclude>
    <ClInclude Include="menus\MenuSetup.h">
      <Filter>menus</Filter>
    </ClInclude>
    <ClInclude Include="core\Item.h">
      <Filter>core</Filter>
    </ClInclude>
    <ClInclude Include="core\PlayerInventory.h">
      <Filter>core</Filter>
    </ClInclude>
    <ClInclude Include="menus\MenuOption.h">
      <Filter>menus</Filter>
    </ClInclude>
    <ClInclude Include="menus\PartyMenu.h">
      <Filter>menus</Filter>
    </ClInclude>
    <ClInclude Include="entities\Character.h">
      <Filter>entities</Filter>
    </ClInclude>
    <ClInclude Include="entities\Party.h">
      <Filter>entities</Filter>
    </ClInclude>
    <ClInclude Include="core\Input.h">
      <Filter>core</Filter>
    </ClInclude>
    <ClInclude Include="effects\Effect.h">
      <Filter>effects</Filter>
    </ClInclude>
    <ClInclude Include="effects\HealEffect.h">
      <Filter>effects</Filter>
    </ClInclude>
    <ClInclude Include="effects\EffectRegistry.h">
      <Filter>effects</Filter>
    </ClInclude>
    <ClInclude Include="systems\SkillSystem.h">
      <Filter>systems</Filter>
    </ClInclude>
    <ClInclude Include="skills\Skill.h">
      <Filter>skills</Filter>
    </ClInclude>
    <ClInclude Include="skills\SkillRegistry.h">
      <Filter>skills</Filter>
    </ClInclude>
  </ItemGroup>
  <ItemGroup>
    <ClCompile Include="core\GameState.cpp">
      <Filter>core</Filter>
    </ClCompile>
    <ClCompile Include="menus\InventoryMenu.cpp">
      <Filter>menus</Filter>
    </ClCompile>
    <ClCompile Include="menus\Menu.cpp">
      <Filter>menus</Filter>
    </ClCompile>
    <ClCompile Include="menus\MenuController.cpp">
      <Filter>menus</Filter>
    </ClCompile>
    <ClCompile Include="menus\MenuRegistry.cpp">
      <Filter>menus</Filter>
    </ClCompile>
    <ClCompile Include="menus\MenuSetup.cpp">
      <Filter>menus</Filter>
    </ClCompile>
    <ClCompile Include="core\PlayerInventory.cpp">
      <Filter>core</Filter>
    </ClCompile>
    <ClCompile Include="menus\PartyMenu.cpp">
      <Filter>menus</Filter>
    </ClCompile>
    <ClCompile Include="entities\Character.cpp">
      <Filter>entities</Filter>
    </ClCompile>
    <ClCompile Include="entities\Party.cpp">
      <Filter>entities</Filter>
    </ClCompile>
    <ClCompile Include="core\Input.cpp">
      <Filter>core</Filter>
    </ClCompile>
    <ClCompile Include="main\main.cpp">
      <Filter>main</Filter>
    </ClCompile>
    <ClCompile Include="effects\HealEffect.cpp">
      <Filter>effects</Filter>
    </ClCompile>
    <ClCompile Include="effects\EffectRegistry.cpp">
      <Filter>effects</Filter>
    </ClCompile>
    <ClCompile Include="skills\SkillRegistry.cpp">
      <Filter>skills</Filter>
    </ClCompile>
  </ItemGroup>
  <ItemGroup>
    <Text Include="CMakeLists.txt" />
  </ItemGroup>
</Project>